
Microsoft Visual Studio Solution File, Format Version 12.00
# Visual Studio Version 16
VisualStudioVersion = 16.0.31105.61
MinimumVisualStudioVersion = 10.0.40219.1
Project("{FAE04EC0-301F-11D3-BF4B-00C04F79EFBC}") = "BookShop", "Electronics_Store\BookShop.csproj", "{C1B1A7C0-AC15-48C4-9087-CADD78E8FC80}"
EndProject
Project("{FAE04EC0-301F-11D3-BF4B-00C04F79EFBC}") = "BookShopTests", "Electronics_StoreTests\BookShopTests.csproj", "{9870BD06-6F03-4947-8A05-912285E30FE9}"
EndProject
Global
	GlobalSection(SolutionConfigurationPlatforms) = preSolution
		Debug|Any CPU = Debug|Any CPU
		Release|Any CPU = Release|Any CPU
	EndGlobalSection
	GlobalSection(ProjectConfigurationPlatforms) = postSolution
		{C1B1A7C0-AC15-48C4-9087-CADD78E8FC80}.Debug|Any CPU.ActiveCfg = Debug|Any CPU
		{C1B1A7C0-AC15-48C4-9087-CADD78E8FC80}.Debug|Any CPU.Build.0 = Debug|Any CPU
		{C1B1A7C0-AC15-48C4-9087-CADD78E8FC80}.Release|Any CPU.ActiveCfg = Release|Any CPU
		{C1B1A7C0-AC15-48C4-9087-CADD78E8FC80}.Release|Any CPU.Build.0 = Release|Any CPU
		{9870BD06-6F03-4947-8A05-912285E30FE9}.Debug|Any CPU.ActiveCfg = Debug|Any CPU
		{9870BD06-6F03-4947-8A05-912285E30FE9}.Debug|Any CPU.Build.0 = Debug|Any CPU
		{9870BD06-6F03-4947-8A05-912285E30FE9}.Release|Any CPU.ActiveCfg = Release|Any CPU
		{9870BD06-6F03-4947-8A05-912285E30FE9}.Release|Any CPU.Build.0 = Release|Any CPU
	EndGlobalSection
	GlobalSection(SolutionProperties) = preSolution
		HideSolutionNode = FALSE
	EndGlobalSection
	GlobalSection(ExtensibilityGlobals) = postSolution
		SolutionGuid = {1BA4CBE6-C5F4-4E75-8FC4-111AA69DE842}
	EndGlobalSection
EndGlobal
